
Microsoft Visual Studio Solution File, Format Version 12.00
# Visual Studio Version 17
VisualStudioVersion = 17.4.33213.308
MinimumVisualStudioVersion = 10.0.40219.1
Project("{9A19103F-16F7-4668-BE54-9A1E7A4F7556}") = "ShiftManager", "ShiftManager\ShiftManager.csproj", "{B3B3150B-0693-4103-8E02-9AD2B001A902}"
EndProject
Project("{9A19103F-16F7-4668-BE54-9A1E7A4F7556}") = "ShiftManagerTest", "ShiftManagerTest\ShiftManagerTest.csproj", "{77CDD1F8-8D13-4A04-9BD7-4A895C53F170}"
EndProject
Project("{FAE04EC0-301F-11D3-BF4B-00C04F79EFBC}") = "ShiftManagerUserInterface", "ShiftManagerUserInterface\ShiftManagerUserInterface.csproj", "{47B698DE-C73E-46A0-B682-76557CC1C6EE}"
EndProject
Global
	GlobalSection(SolutionConfigurationPlatforms) = preSolution
		Debug|Any CPU = Debug|Any CPU
		Release|Any CPU = Release|Any CPU
	EndGlobalSection
	GlobalSection(ProjectConfigurationPlatforms) = postSolution
		{B3B3150B-0693-4103-8E02-9AD2B001A902}.Debug|Any CPU.ActiveCfg = Debug|Any CPU
		{B3B3150B-0693-4103-8E02-9AD2B001A902}.Debug|Any CPU.Build.0 = Debug|Any CPU
		{B3B3150B-0693-4103-8E02-9AD2B001A902}.Release|Any CPU.ActiveCfg = Release|Any CPU
		{B3B3150B-0693-4103-8E02-9AD2B001A902}.Release|Any CPU.Build.0 = Release|Any CPU
		{77CDD1F8-8D13-4A04-9BD7-4A895C53F170}.Debug|Any CPU.ActiveCfg = Debug|Any CPU
		{77CDD1F8-8D13-4A04-9BD7-4A895C53F170}.Debug|Any CPU.Build.0 = Debug|Any CPU
		{77CDD1F8-8D13-4A04-9BD7-4A895C53F170}.Release|Any CPU.ActiveCfg = Release|Any CPU
		{77CDD1F8-8D13-4A04-9BD7-4A895C53F170}.Release|Any CPU.Build.0 = Release|Any CPU
		{47B698DE-C73E-46A0-B682-76557CC1C6EE}.Debug|Any CPU.ActiveCfg = Debug|Any CPU
		{47B698DE-C73E-46A0-B682-76557CC1C6EE}.Debug|Any CPU.Build.0 = Debug|Any CPU
		{47B698DE-C73E-46A0-B682-76557CC1C6EE}.Release|Any CPU.ActiveCfg = Release|Any CPU
		{47B698DE-C73E-46A0-B682-76557CC1C6EE}.Release|Any CPU.Build.0 = Release|Any CPU
	EndGlobalSection
	GlobalSection(SolutionProperties) = preSolution
		HideSolutionNode = FALSE
	EndGlobalSection
	GlobalSection(ExtensibilityGlobals) = postSolution
		SolutionGuid = {8DB56AFB-4C1E-4FFB-8C6A-0136253E0A3B}
	EndGlobalSection
EndGlobal
